
Microsoft Visual Studio Solution File, Format Version 12.00
# Visual Studio Version 17
VisualStudioVersion = 17.11.35327.3
MinimumVisualStudioVersion = 10.0.40219.1
Project("{9A19103F-16F7-4668-BE54-9A1E7A4F7556}") = "RentARoom", "RentARoom.csproj", "{D1BA5B1D-B691-4F1C-AE74-0CD20D3B4F5E}"
EndProject
Project("{9A19103F-16F7-4668-BE54-9A1E7A4F7556}") = "RentARoom.DataAccess", "..\RentARoom.DataAccess\RentARoom.DataAccess.csproj", "{5924C737-6BDD-4569-B902-611E40C9B618}"
EndProject
Project("{9A19103F-16F7-4668-BE54-9A1E7A4F7556}") = "RentARoom.Models", "..\RentARoom.Models\RentARoom.Models.csproj", "{F2759B69-B379-4311-84BD-6A352135FCF5}"
EndProject
Project("{9A19103F-16F7-4668-BE54-9A1E7A4F7556}") = "RentARoom.Utility", "..\RentARoom.Utility\RentARoom.Utility.csproj", "{8DBFACEF-1511-4CF9-92DE-3603EF1587C3}"
EndProject
Project("{9A19103F-16F7-4668-BE54-9A1E7A4F7556}") = "RentARoom.Services", "..\RentARoom.Services\RentARoom.Services.csproj", "{7A3FA3B4-89A0-471C-B3E5-CA3D324D0C42}"
EndProject
Project("{FAE04EC0-301F-11D3-BF4B-00C04F79EFBC}") = "RentARoom.Tests", "..\RentARoom.Tests\RentARoom.Tests.csproj", "{5BEAEFC3-5B07-4E3A-B7CB-5B8EBEEA8023}"
EndProject
Global
	GlobalSection(SolutionConfigurationPlatforms) = preSolution
		Debug|Any CPU = Debug|Any CPU
		Release|Any CPU = Release|Any CPU
	EndGlobalSection
	GlobalSection(ProjectConfigurationPlatforms) = postSolution
		{D1BA5B1D-B691-4F1C-AE74-0CD20D3B4F5E}.Debug|Any CPU.ActiveCfg = Debug|Any CPU
		{D1BA5B1D-B691-4F1C-AE74-0CD20D3B4F5E}.Debug|Any CPU.Build.0 = Debug|Any CPU
		{D1BA5B1D-B691-4F1C-AE74-0CD20D3B4F5E}.Release|Any CPU.ActiveCfg = Release|Any CPU
		{D1BA5B1D-B691-4F1C-AE74-0CD20D3B4F5E}.Release|Any CPU.Build.0 = Release|Any CPU
		{5924C737-6BDD-4569-B902-611E40C9B618}.Debug|Any CPU.ActiveCfg = Debug|Any CPU
		{5924C737-6BDD-4569-B902-611E40C9B618}.Debug|Any CPU.Build.0 = Debug|Any CPU
		{5924C737-6BDD-4569-B902-611E40C9B618}.Release|Any CPU.ActiveCfg = Release|Any CPU
		{5924C737-6BDD-4569-B902-611E40C9B618}.Release|Any CPU.Build.0 = Release|Any CPU
		{F2759B69-B379-4311-84BD-6A352135FCF5}.Debug|Any CPU.ActiveCfg = Debug|Any CPU
		{F2759B69-B379-4311-84BD-6A352135FCF5}.Debug|Any CPU.Build.0 = Debug|Any CPU
		{F2759B69-B379-4311-84BD-6A352135FCF5}.Release|Any CPU.ActiveCfg = Release|Any CPU
		{F2759B69-B379-4311-84BD-6A352135FCF5}.Release|Any CPU.Build.0 = Release|Any CPU
		{8DBFACEF-1511-4CF9-92DE-3603EF1587C3}.Debug|Any CPU.ActiveCfg = Debug|Any CPU
		{8DBFACEF-1511-4CF9-92DE-3603EF1587C3}.Debug|Any CPU.Build.0 = Debug|Any CPU
		{8DBFACEF-1511-4CF9-92DE-3603EF1587C3}.Release|Any CPU.ActiveCfg = Release|Any CPU
		{8DBFACEF-1511-4CF9-92DE-3603EF1587C3}.Release|Any CPU.Build.0 = Release|Any CPU
		{7A3FA3B4-89A0-471C-B3E5-CA3D324D0C42}.Debug|Any CPU.ActiveCfg = Debug|Any CPU
		{7A3FA3B4-89A0-471C-B3E5-CA3D324D0C42}.Debug|Any CPU.Build.0 = Debug|Any CPU
		{7A3FA3B4-89A0-471C-B3E5-CA3D324D0C42}.Release|Any CPU.ActiveCfg = Release|Any CPU
		{7A3FA3B4-89A0-471C-B3E5-CA3D324D0C42}.Release|Any CPU.Build.0 = Release|Any CPU
		{5BEAEFC3-5B07-4E3A-B7CB-5B8EBEEA8023}.Debug|Any CPU.ActiveCfg = Debug|Any CPU
		{5BEAEFC3-5B07-4E3A-B7CB-5B8EBEEA8023}.Debug|Any CPU.Build.0 = Debug|Any CPU
		{5BEAEFC3-5B07-4E3A-B7CB-5B8EBEEA8023}.Release|Any CPU.ActiveCfg = Release|Any CPU
		{5BEAEFC3-5B07-4E3A-B7CB-5B8EBEEA8023}.Release|Any CPU.Build.0 = Release|Any CPU
	EndGlobalSection
	GlobalSection(SolutionProperties) = preSolution
		HideSolutionNode = FALSE
	EndGlobalSection
	GlobalSection(ExtensibilityGlobals) = postSolution
		SolutionGuid = {343AE276-0D6D-49CD-930A-16B5EE7B31E1}
	EndGlobalSection
EndGlobal
