
Microsoft Visual Studio Solution File, Format Version 12.00
# Visual Studio Version 17
VisualStudioVersion = 17.11.35327.3
MinimumVisualStudioVersion = 10.0.40219.1
Project("{FAE04EC0-301F-11D3-BF4B-00C04F79EFBC}") = "RentARoom", "RentARoom.csproj", "{D1BA5B1D-B691-4F1C-AE74-0CD20D3B4F5E}"
EndProject
Global
	GlobalSection(SolutionConfigurationPlatforms) = preSolution
		Debug|Any CPU = Debug|Any CPU
		Release|Any CPU = Release|Any CPU
	EndGlobalSection
	GlobalSection(ProjectConfigurationPlatforms) = postSolution
		{D1BA5B1D-B691-4F1C-AE74-0CD20D3B4F5E}.Debug|Any CPU.ActiveCfg = Debug|Any CPU
		{D1BA5B1D-B691-4F1C-AE74-0CD20D3B4F5E}.Debug|Any CPU.Build.0 = Debug|Any CPU
		{D1BA5B1D-B691-4F1C-AE74-0CD20D3B4F5E}.Release|Any CPU.ActiveCfg = Release|Any CPU
		{D1BA5B1D-B691-4F1C-AE74-0CD20D3B4F5E}.Release|Any CPU.Build.0 = Release|Any CPU
	EndGlobalSection
	GlobalSection(SolutionProperties) = preSolution
		HideSolutionNode = FALSE
	EndGlobalSection
	GlobalSection(ExtensibilityGlobals) = postSolution
		SolutionGuid = {343AE276-0D6D-49CD-930A-16B5EE7B31E1}
	EndGlobalSection
EndGlobal
